{
    "_readme": [
        "This file locks the dependencies of your project to a known state",
        "Read more about it at https://getcomposer.org/doc/01-basic-usage.md#composer-lock-the-lock-file",
        "This file is @generated automatically"
    ],
    "hash": "444eb123bac794ae0ec154e80a779c61",
    "content-hash": "6cdc43997ba1de89fb864373a6a0eac0",
    "packages": [
        {
            "name": "compropago/views-sdk",
            "version": "dev-1.0.0-alfa",
            "source": {
                "type": "git",
                "url": "https://github.com/danteay/compropago-views-sdk.git",
                "reference": "56b186cabb23c34ba300e8b4304dbc6380dbe0d4"
            },
            "dist": {
                "type": "zip",
                "url": "https://api.github.com/repos/danteay/compropago-views-sdk/zipball/56b186cabb23c34ba300e8b4304dbc6380dbe0d4",
                "reference": "56b186cabb23c34ba300e8b4304dbc6380dbe0d4",
                "shasum": ""
            },
            "require": {
                "php": ">=5.5"
            },
            "suggest": {
                "compropago/php-sdk": ">=1.1"
            },
            "type": "library",
            "autoload": {
                "psr-4": {
                    "CompropagoViews\\": "Views"
                }
            },
            "notification-url": "https://packagist.org/downloads/",
            "license": [
                "Apahce-2.0"
            ],
            "authors": [
                {
                    "name": "Arthur",
                    "email": "dante.aguilar41@gmail.com"
                }
            ],
            "homepage": "https://github.com/danteay/compropago-views-sdk",
            "keywords": [
                "compropago",
                "php",
                "smarty",
                "views"
            ],
            "time": "2016-05-23 16:56:46"
        }
    ],
    "packages-dev": [],
    "aliases": [],
    "minimum-stability": "stable",
    "stability-flags": {
        "compropago/views-sdk": 20
    },
    "prefer-stable": false,
    "prefer-lowest": false,
    "platform": [],
    "platform-dev": []
}
