{
    "_readme": [
        "This file locks the dependencies of your project to a known state",
        "Read more about it at https://getcomposer.org/doc/01-basic-usage.md#composer-lock-the-lock-file",
        "This file is @generated automatically"
    ],
    "hash": "40f12a443773da07592b74e0a2c4a067",
    "content-hash": "aca06c71a1f3a8949f18e96d6f66e759",
    "packages": [
        {
            "name": "compropago/php-sdk",
            "version": "1.1.1",
            "source": {
                "type": "git",
                "url": "https://github.com/compropago/compropago-php.git",
                "reference": "91f91fa590587f446451ec41b7d92afb6c6dc849"
            },
            "dist": {
                "type": "zip",
                "url": "https://api.github.com/repos/compropago/compropago-php/zipball/91f91fa590587f446451ec41b7d92afb6c6dc849",
                "reference": "91f91fa590587f446451ec41b7d92afb6c6dc849",
                "shasum": ""
            },
            "require": {
                "php": ">=5.5"
            },
            "type": "library",
            "autoload": {
                "psr-4": {
                    "Compropago\\Sdk\\": "src/"
                }
            },
            "notification-url": "https://packagist.org/downloads/",
            "license": [
                "Apache-2.0"
            ],
            "authors": [
                {
                    "name": "Rolando Lucio",
                    "email": "rolando@compropago.com"
                }
            ],
            "description": "PHP SDK for Compropago API",
            "homepage": "https://compropago.com/documentacion/librerias",
            "keywords": [
                "pagos internet",
                "payment gateway"
            ],
            "time": "2016-04-21 17:10:18"
        }
    ],
    "packages-dev": [],
    "aliases": [],
    "minimum-stability": "stable",
    "stability-flags": [],
    "prefer-stable": false,
    "prefer-lowest": false,
    "platform": [],
    "platform-dev": []
}
